
Microsoft Visual Studio Solution File, Format Version 12.00
# Visual Studio Version 17
VisualStudioVersion = 17.5.33530.505
MinimumVisualStudioVersion = 10.0.40219.1
Project("{9A19103F-16F7-4668-BE54-9A1E7A4F7556}") = "service-locator", "service-locator.csproj", "{817876A2-647E-4E51-8672-A03CFFE6E494}"
EndProject
Global
	GlobalSection(SolutionConfigurationPlatforms) = preSolution
		Debug|Any CPU = Debug|Any CPU
		Release|Any CPU = Release|Any CPU
	EndGlobalSection
	GlobalSection(ProjectConfigurationPlatforms) = postSolution
		{817876A2-647E-4E51-8672-A03CFFE6E494}.Debug|Any CPU.ActiveCfg = Debug|Any CPU
		{817876A2-647E-4E51-8672-A03CFFE6E494}.Debug|Any CPU.Build.0 = Debug|Any CPU
		{817876A2-647E-4E51-8672-A03CFFE6E494}.Release|Any CPU.ActiveCfg = Release|Any CPU
		{817876A2-647E-4E51-8672-A03CFFE6E494}.Release|Any CPU.Build.0 = Release|Any CPU
	EndGlobalSection
	GlobalSection(SolutionProperties) = preSolution
		HideSolutionNode = FALSE
	EndGlobalSection
	GlobalSection(ExtensibilityGlobals) = postSolution
		SolutionGuid = {3D2C54E2-9604-436B-8543-6550417FD779}
	EndGlobalSection
EndGlobal
